// !$*UTF8*$!
{
	archiveVersion = 1;
	classes = {
	};
	objectVersion = 55;
	objects = {

/* Begin PBXBuildFile section */
		55292A497930AEA9822112F8 /* Pods_Map_WeatherProject.framework in Frameworks */ = {isa = PBXBuildFile; fileRef = A6BC493F3A2C77E72A3B5F28 /* Pods_Map_WeatherProject.framework */; };
		DC732D9127C23ED900E6A4A3 /* AppDelegate.swift in Sources */ = {isa = PBXBuildFile; fileRef = DC732D9027C23ED900E6A4A3 /* AppDelegate.swift */; };
		DC732D9327C23ED900E6A4A3 /* SceneDelegate.swift in Sources */ = {isa = PBXBuildFile; fileRef = DC732D9227C23ED900E6A4A3 /* SceneDelegate.swift */; };
		DC732D9527C23ED900E6A4A3 /* ViewController.swift in Sources */ = {isa = PBXBuildFile; fileRef = DC732D9427C23ED900E6A4A3 /* ViewController.swift */; };
		DC732D9827C23ED900E6A4A3 /* Main.storyboard in Resources */ = {isa = PBXBuildFile; fileRef = DC732D9627C23ED900E6A4A3 /* Main.storyboard */; };
		DC732D9A27C23EDB00E6A4A3 /* Assets.xcassets in Resources */ = {isa = PBXBuildFile; fileRef = DC732D9927C23EDB00E6A4A3 /* Assets.xcassets */; };
		DC732D9D27C23EDB00E6A4A3 /* LaunchScreen.storyboard in Resources */ = {isa = PBXBuildFile; fileRef = DC732D9B27C23EDB00E6A4A3 /* LaunchScreen.storyboard */; };
		DC732DA527C2BF6C00E6A4A3 /* API Manager.swift in Sources */ = {isa = PBXBuildFile; fileRef = DC732DA427C2BF6C00E6A4A3 /* API Manager.swift */; };
		DC732DA727C2C47700E6A4A3 /* DataOfTheWeather.swift in Sources */ = {isa = PBXBuildFile; fileRef = DC732DA627C2C47700E6A4A3 /* DataOfTheWeather.swift */; };
/* End PBXBuildFile section */

/* Begin PBXFileReference section */
		33FE6E73660619EAD88885CF /* Pods-Map&WeatherProject.release.xcconfig */ = {isa = PBXFileReference; includeInIndex = 1; lastKnownFileType = text.xcconfig; name = "Pods-Map&WeatherProject.release.xcconfig"; path = "Target Support Files/Pods-Map&WeatherProject/Pods-Map&WeatherProject.release.xcconfig"; sourceTree = "<group>"; };
		A6BC493F3A2C77E72A3B5F28 /* Pods_Map_WeatherProject.framework */ = {isa = PBXFileReference; explicitFileType = wrapper.framework; includeInIndex = 0; path = Pods_Map_WeatherProject.framework; sourceTree = BUILT_PRODUCTS_DIR; };
		DC732D8D27C23ED900E6A4A3 /* Map&WeatherProject.app */ = {isa = PBXFileReference; explicitFileType = wrapper.application; includeInIndex = 0; path = "Map&WeatherProject.app"; sourceTree = BUILT_PRODUCTS_DIR; };
		DC732D9027C23ED900E6A4A3 /* AppDelegate.swift */ = {isa = PBXFileReference; lastKnownFileType = sourcecode.swift; path = AppDelegate.swift; sourceTree = "<group>"; };
		DC732D9227C23ED900E6A4A3 /* SceneDelegate.swift */ = {isa = PBXFileReference; lastKnownFileType = sourcecode.swift; path = SceneDelegate.swift; sourceTree = "<group>"; };
		DC732D9427C23ED900E6A4A3 /* ViewController.swift */ = {isa = PBXFileReference; lastKnownFileType = sourcecode.swift; path = ViewController.swift; sourceTree = "<group>"; };
		DC732D9727C23ED900E6A4A3 /* Base */ = {isa = PBXFileReference; lastKnownFileType = file.storyboard; name = Base; path = Base.lproj/Main.storyboard; sourceTree = "<group>"; };
		DC732D9927C23EDB00E6A4A3 /* Assets.xcassets */ = {isa = PBXFileReference; lastKnownFileType = folder.assetcatalog; path = Assets.xcassets; sourceTree = "<group>"; };
		DC732D9C27C23EDB00E6A4A3 /* Base */ = {isa = PBXFileReference; lastKnownFileType = file.storyboard; name = Base; path = Base.lproj/LaunchScreen.storyboard; sourceTree = "<group>"; };
		DC732D9E27C23EDB00E6A4A3 /* Info.plist */ = {isa = PBXFileReference; lastKnownFileType = text.plist.xml; path = Info.plist; sourceTree = "<group>"; };
		DC732DA427C2BF6C00E6A4A3 /* API Manager.swift */ = {isa = PBXFileReference; lastKnownFileType = sourcecode.swift; path = "API Manager.swift"; sourceTree = "<group>"; };
		DC732DA627C2C47700E6A4A3 /* DataOfTheWeather.swift */ = {isa = PBXFileReference; lastKnownFileType = sourcecode.swift; path = DataOfTheWeather.swift; sourceTree = "<group>"; };
		F291511E8801571C2B1B3D04 /* Pods-Map&WeatherProject.debug.xcconfig */ = {isa = PBXFileReference; includeInIndex = 1; lastKnownFileType = text.xcconfig; name = "Pods-Map&WeatherProject.debug.xcconfig"; path = "Target Support Files/Pods-Map&WeatherProject/Pods-Map&WeatherProject.debug.xcconfig"; sourceTree = "<group>"; };
/* End PBXFileReference section */

/* Begin PBXFrameworksBuildPhase section */
		DC732D8A27C23ED900E6A4A3 /* Frameworks */ = {
			isa = PBXFrameworksBuildPhase;
			buildActionMask = 2147483647;
			files = (
				55292A497930AEA9822112F8 /* Pods_Map_WeatherProject.framework in Frameworks */,
			);
			runOnlyForDeploymentPostprocessing = 0;
		};
/* End PBXFrameworksBuildPhase section */

/* Begin PBXGroup section */
		B36034C5787593BFC940D72C /* Frameworks */ = {
			isa = PBXGroup;
			children = (
				A6BC493F3A2C77E72A3B5F28 /* Pods_Map_WeatherProject.framework */,
			);
			name = Frameworks;
			sourceTree = "<group>";
		};
		D0B1EA48C8BCF89CA834D216 /* Pods */ = {
			isa = PBXGroup;
			children = (
				F291511E8801571C2B1B3D04 /* Pods-Map&WeatherProject.debug.xcconfig */,
				33FE6E73660619EAD88885CF /* Pods-Map&WeatherProject.release.xcconfig */,
			);
			path = Pods;
			sourceTree = "<group>";
		};
		DC732D8427C23ED900E6A4A3 = {
			isa = PBXGroup;
			children = (
				DC732D8F27C23ED900E6A4A3 /* Map&WeatherProject */,
				DC732D8E27C23ED900E6A4A3 /* Products */,
				D0B1EA48C8BCF89CA834D216 /* Pods */,
				B36034C5787593BFC940D72C /* Frameworks */,
			);
			sourceTree = "<group>";
		};
		DC732D8E27C23ED900E6A4A3 /* Products */ = {
			isa = PBXGroup;
			children = (
				DC732D8D27C23ED900E6A4A3 /* Map&WeatherProject.app */,
			);
			name = Products;
			sourceTree = "<group>";
		};
		DC732D8F27C23ED900E6A4A3 /* Map&WeatherProject */ = {
			isa = PBXGroup;
			children = (
				DC732D9027C23ED900E6A4A3 /* AppDelegate.swift */,
				DC732D9227C23ED900E6A4A3 /* SceneDelegate.swift */,
				DC732D9427C23ED900E6A4A3 /* ViewController.swift */,
				DC732DA627C2C47700E6A4A3 /* DataOfTheWeather.swift */,
				DC732DA427C2BF6C00E6A4A3 /* API Manager.swift */,
				DC732D9627C23ED900E6A4A3 /* Main.storyboard */,
				DC732D9927C23EDB00E6A4A3 /* Assets.xcassets */,
				DC732D9B27C23EDB00E6A4A3 /* LaunchScreen.storyboard */,
				DC732D9E27C23EDB00E6A4A3 /* Info.plist */,
			);
			path = "Map&WeatherProject";
			sourceTree = "<group>";
		};
/* End PBXGroup section */

/* Begin PBXNativeTarget section */
		DC732D8C27C23ED900E6A4A3 /* Map&WeatherProject */ = {
			isa = PBXNativeTarget;
			buildConfigurationList = DC732DA127C23EDB00E6A4A3 /* Build configuration list for PBXNativeTarget "Map&WeatherProject" */;
			buildPhases = (
				4FAAB1E9AF889827E33C8322 /* [CP] Check Pods Manifest.lock */,
				DC732D8927C23ED900E6A4A3 /* Sources */,
				DC732D8A27C23ED900E6A4A3 /* Frameworks */,
				DC732D8B27C23ED900E6A4A3 /* Resources */,
				9D54470A0D8CC95F8BFFFEA9 /* [CP] Embed Pods Frameworks */,
			);
			buildRules = (
			);
			dependencies = (
			);
			name = "Map&WeatherProject";
			productName = "Map&WeatherProject";
			productReference = DC732D8D27C23ED900E6A4A3 /* Map&WeatherProject.app */;
			productType = "com.apple.product-type.application";
		};
/* End PBXNativeTarget section */

/* Begin PBXProject section */
		DC732D8527C23ED900E6A4A3 /* Project object */ = {
			isa = PBXProject;
			attributes = {
				BuildIndependentTargetsInParallel = 1;
				LastSwiftUpdateCheck = 1320;
				LastUpgradeCheck = 1320;
				TargetAttributes = {
					DC732D8C27C23ED900E6A4A3 = {
						CreatedOnToolsVersion = 13.2.1;
					};
				};
			};
			buildConfigurationList = DC732D8827C23ED900E6A4A3 /* Build configuration list for PBXProject "Map&WeatherProject" */;
			compatibilityVersion = "Xcode 13.0";
			developmentRegion = en;
			hasScannedForEncodings = 0;
			knownRegions = (
				en,
				Base,
			);
			mainGroup = DC732D8427C23ED900E6A4A3;
			productRefGroup = DC732D8E27C23ED900E6A4A3 /* Products */;
			projectDirPath = "";
			projectRoot = "";
			targets = (
				DC732D8C27C23ED900E6A4A3 /* Map&WeatherProject */,
			);
		};
/* End PBXProject section */

/* Begin PBXResourcesBuildPhase section */
		DC732D8B27C23ED900E6A4A3 /* Resources */ = {
			isa = PBXResourcesBuildPhase;
			buildActionMask = 2147483647;
			files = (
				DC732D9D27C23EDB00E6A4A3 /* LaunchScreen.storyboard in Resources */,
				DC732D9A27C23EDB00E6A4A3 /* Assets.xcassets in Resources */,
				DC732D9827C23ED900E6A4A3 /* Main.storyboard in Resources */,
			);
			runOnlyForDeploymentPostprocessing = 0;
		};
/* End PBXResourcesBuildPhase section */

/* Begin PBXShellScriptBuildPhase section */
		4FAAB1E9AF889827E33C8322 /* [CP] Check Pods Manifest.lock */ = {
			isa = PBXShellScriptBuildPhase;
			buildActionMask = 2147483647;
			files = (
			);
			inputFileListPaths = (
			);
			inputPaths = (
				"${PODS_PODFILE_DIR_PATH}/Podfile.lock",
				"${PODS_ROOT}/Manifest.lock",
			);
			name = "[CP] Check Pods Manifest.lock";
			outputFileListPaths = (
			);
			outputPaths = (
				"$(DERIVED_FILE_DIR)/Pods-Map&WeatherProject-checkManifestLockResult.txt",
			);
			runOnlyForDeploymentPostprocessing = 0;
			shellPath = /bin/sh;
			shellScript = "diff \"${PODS_PODFILE_DIR_PATH}/Podfile.lock\" \"${PODS_ROOT}/Manifest.lock\" > /dev/null\nif [ $? != 0 ] ; then\n    # print error to STDERR\n    echo \"error: The sandbox is not in sync with the Podfile.lock. Run 'pod install' or update your CocoaPods installation.\" >&2\n    exit 1\nfi\n# This output is used by Xcode 'outputs' to avoid re-running this script phase.\necho \"SUCCESS\" > \"${SCRIPT_OUTPUT_FILE_0}\"\n";
			showEnvVarsInLog = 0;
		};
		9D54470A0D8CC95F8BFFFEA9 /* [CP] Embed Pods Frameworks */ = {
			isa = PBXShellScriptBuildPhase;
			buildActionMask = 2147483647;
			files = (
			);
			inputFileListPaths = (
				"${PODS_ROOT}/Target Support Files/Pods-Map&WeatherProject/Pods-Map&WeatherProject-frameworks-${CONFIGURATION}-input-files.xcfilelist",
			);
			name = "[CP] Embed Pods Frameworks";
			outputFileListPaths = (
				"${PODS_ROOT}/Target Support Files/Pods-Map&WeatherProject/Pods-Map&WeatherProject-frameworks-${CONFIGURATION}-output-files.xcfilelist",
			);
			runOnlyForDeploymentPostprocessing = 0;
			shellPath = /bin/sh;
			shellScript = "\"${PODS_ROOT}/Target Support Files/Pods-Map&WeatherProject/Pods-Map&WeatherProject-frameworks.sh\"\n";
			showEnvVarsInLog = 0;
		};
/* End PBXShellScriptBuildPhase section */

/* Begin PBXSourcesBuildPhase section */
		DC732D8927C23ED900E6A4A3 /* Sources */ = {
			isa = PBXSourcesBuildPhase;
			buildActionMask = 2147483647;
			files = (
				DC732D9527C23ED900E6A4A3 /* ViewController.swift in Sources */,
				DC732DA527C2BF6C00E6A4A3 /* API Manager.swift in Sources */,
				DC732D9127C23ED900E6A4A3 /* AppDelegate.swift in Sources */,
				DC732DA727C2C47700E6A4A3 /* DataOfTheWeather.swift in Sources */,
				DC732D9327C23ED900E6A4A3 /* SceneDelegate.swift in Sources */,
			);
			runOnlyForDeploymentPostprocessing = 0;
		};
/* End PBXSourcesBuildPhase section */

/* Begin PBXVariantGroup section */
		DC732D9627C23ED900E6A4A3 /* Main.storyboard */ = {
			isa = PBXVariantGroup;
			children = (
				DC732D9727C23ED900E6A4A3 /* Base */,
			);
			name = Main.storyboard;
			sourceTree = "<group>";
		};
		DC732D9B27C23EDB00E6A4A3 /* LaunchScreen.storyboard */ = {
			isa = PBXVariantGroup;
			children = (
				DC732D9C27C23EDB00E6A4A3 /* Base */,
			);
			name = LaunchScreen.storyboard;
			sourceTree = "<group>";
		};
/* End PBXVariantGroup section */

/* Begin XCBuildConfiguration section */
		DC732D9F27C23EDB00E6A4A3 /* Debug */ = {
			isa = XCBuildConfiguration;
			buildSettings = {
				ALWAYS_SEARCH_USER_PATHS = NO;
				CLANG_ANALYZER_NONNULL = YES;
				CLANG_ANALYZER_NUMBER_OBJECT_CONVERSION = YES_AGGRESSIVE;
				CLANG_CXX_LANGUAGE_STANDARD = "gnu++17";
				CLANG_CXX_LIBRARY = "libc++";
				CLANG_ENABLE_MODULES = YES;
				CLANG_ENABLE_OBJC_ARC = YES;
				CLANG_ENABLE_OBJC_WEAK = YES;
				CLANG_WARN_BLOCK_CAPTURE_AUTORELEASING = YES;
				CLANG_WARN_BOOL_CONVERSION = YES;
				CLANG_WARN_COMMA = YES;
				CLANG_WARN_CONSTANT_CONVERSION = YES;
				CLANG_WARN_DEPRECATED_OBJC_IMPLEMENTATIONS = YES;
				CLANG_WARN_DIRECT_OBJC_ISA_USAGE = YES_ERROR;
				CLANG_WARN_DOCUMENTATION_COMMENTS = YES;
				CLANG_WARN_EMPTY_BODY = YES;
				CLANG_WARN_ENUM_CONVERSION = YES;
				CLANG_WARN_INFINITE_RECURSION = YES;
				CLANG_WARN_INT_CONVERSION = YES;
				CLANG_WARN_NON_LITERAL_NULL_CONVERSION = YES;
				CLANG_WARN_OBJC_IMPLICIT_RETAIN_SELF = YES;
				CLANG_WARN_OBJC_LITERAL_CONVERSION = YES;
				CLANG_WARN_OBJC_ROOT_CLASS = YES_ERROR;
				CLANG_WARN_QUOTED_INCLUDE_IN_FRAMEWORK_HEADER = YES;
				CLANG_WARN_RANGE_LOOP_ANALYSIS = YES;
				CLANG_WARN_STRICT_PROTOTYPES = YES;
				CLANG_WARN_SUSPICIOUS_MOVE = YES;
				CLANG_WARN_UNGUARDED_AVAILABILITY = YES_AGGRESSIVE;
				CLANG_WARN_UNREACHABLE_CODE = YES;
				CLANG_WARN__DUPLICATE_METHOD_MATCH = YES;
				COPY_PHASE_STRIP = NO;
				DEBUG_INFORMATION_FORMAT = dwarf;
				ENABLE_STRICT_OBJC_MSGSEND = YES;
				ENABLE_TESTABILITY = YES;
				GCC_C_LANGUAGE_STANDARD = gnu11;
				GCC_DYNAMIC_NO_PIC = NO;
				GCC_NO_COMMON_BLOCKS = YES;
				GCC_OPTIMIZATION_LEVEL = 0;
				GCC_PREPROCESSOR_DEFINITIONS = (
					"DEBUG=1",
					"$(inherited)",
				);
				GCC_WARN_64_TO_32_BIT_CONVERSION = YES;
				GCC_WARN_ABOUT_RETURN_TYPE = YES_ERROR;
				GCC_WARN_UNDECLARED_SELECTOR = YES;
				GCC_WARN_UNINITIALIZED_AUTOS = YES_AGGRESSIVE;
				GCC_WARN_UNUSED_FUNCTION = YES;
				GCC_WARN_UNUSED_VARIABLE = YES;
				IPHONEOS_DEPLOYMENT_TARGET = 15.2;
				MTL_ENABLE_DEBUG_INFO = INCLUDE_SOURCE;
				MTL_FAST_MATH = YES;
				ONLY_ACTIVE_ARCH = YES;
				SDKROOT = iphoneos;
				SWIFT_ACTIVE_COMPILATION_CONDITIONS = DEBUG;
				SWIFT_OPTIMIZATION_LEVEL = "-Onone";
			};
			name = Debug;
		};
		DC732DA027C23EDB00E6A4A3 /* Release */ = {
			isa = XCBuildConfiguration;
			buildSettings = {
				ALWAYS_SEARCH_USER_PATHS = NO;
				CLANG_ANALYZER_NONNULL = YES;
				CLANG_ANALYZER_NUMBER_OBJECT_CONVERSION = YES_AGGRESSIVE;
				CLANG_CXX_LANGUAGE_STANDARD = "gnu++17";
				CLANG_CXX_LIBRARY = "libc++";
				CLANG_ENABLE_MODULES = YES;
				CLANG_ENABLE_OBJC_ARC = YES;
				CLANG_ENABLE_OBJC_WEAK = YES;
				CLANG_WARN_BLOCK_CAPTURE_AUTORELEASING = YES;
				CLANG_WARN_BOOL_CONVERSION = YES;
				CLANG_WARN_COMMA = YES;
				CLANG_WARN_CONSTANT_CONVERSION = YES;
				CLANG_WARN_DEPRECATED_OBJC_IMPLEMENTATIONS = YES;
				CLANG_WARN_DIRECT_OBJC_ISA_USAGE = YES_ERROR;
				CLANG_WARN_DOCUMENTATION_COMMENTS = YES;
				CLANG_WARN_EMPTY_BODY = YES;
				CLANG_WARN_ENUM_CONVERSION = YES;
				CLANG_WARN_INFINITE_RECURSION = YES;
				CLANG_WARN_INT_CONVERSION = YES;
				CLANG_WARN_NON_LITERAL_NULL_CONVERSION = YES;
				CLANG_WARN_OBJC_IMPLICIT_RETAIN_SELF = YES;
				CLANG_WARN_OBJC_LITERAL_CONVERSION = YES;
				CLANG_WARN_OBJC_ROOT_CLASS = YES_ERROR;
				CLANG_WARN_QUOTED_INCLUDE_IN_FRAMEWORK_HEADER = YES;
				CLANG_WARN_RANGE_LOOP_ANALYSIS = YES;
				CLANG_WARN_STRICT_PROTOTYPES = YES;
				CLANG_WARN_SUSPICIOUS_MOVE = YES;
				CLANG_WARN_UNGUARDED_AVAILABILITY = YES_AGGRESSIVE;
				CLANG_WARN_UNREACHABLE_CODE = YES;
				CLANG_WARN__DUPLICATE_METHOD_MATCH = YES;
				COPY_PHASE_STRIP = NO;
				DEBUG_INFORMATION_FORMAT = "dwarf-with-dsym";
				ENABLE_NS_ASSERTIONS = NO;
				ENABLE_STRICT_OBJC_MSGSEND = YES;
				GCC_C_LANGUAGE_STANDARD = gnu11;
				GCC_NO_COMMON_BLOCKS = YES;
				GCC_WARN_64_TO_32_BIT_CONVERSION = YES;
				GCC_WARN_ABOUT_RETURN_TYPE = YES_ERROR;
				GCC_WARN_UNDECLARED_SELECTOR = YES;
				GCC_WARN_UNINITIALIZED_AUTOS = YES_AGGRESSIVE;
				GCC_WARN_UNUSED_FUNCTION = YES;
				GCC_WARN_UNUSED_VARIABLE = YES;
				IPHONEOS_DEPLOYMENT_TARGET = 15.2;
				MTL_ENABLE_DEBUG_INFO = NO;
				MTL_FAST_MATH = YES;
				SDKROOT = iphoneos;
				SWIFT_COMPILATION_MODE = wholemodule;
				SWIFT_OPTIMIZATION_LEVEL = "-O";
				VALIDATE_PRODUCT = YES;
			};
			name = Release;
		};
		DC732DA227C23EDB00E6A4A3 /* Debug */ = {
			isa = XCBuildConfiguration;
			baseConfigurationReference = F291511E8801571C2B1B3D04 /* Pods-Map&WeatherProject.debug.xcconfig */;
			buildSettings = {
				ASSETCATALOG_COMPILER_APPICON_NAME = AppIcon;
				ASSETCATALOG_COMPILER_GLOBAL_ACCENT_COLOR_NAME = AccentColor;
				CODE_SIGN_STYLE = Automatic;
				CURRENT_PROJECT_VERSION = 1;
				DEVELOPMENT_TEAM = 3H4J882387;
				GENERATE_INFOPLIST_FILE = YES;
				INFOPLIST_FILE = "Map&WeatherProject/Info.plist";
				INFOPLIST_KEY_UIApplicationSupportsIndirectInputEvents = YES;
				INFOPLIST_KEY_UILaunchStoryboardName = LaunchScreen;
				INFOPLIST_KEY_UIMainStoryboardFile = Main;
				INFOPLIST_KEY_UISupportedInterfaceOrientations_iPad = "UIInterfaceOrientationPortrait UIInterfaceOrientationPortraitUpsideDown UIInterfaceOrientationLandscapeLeft UIInterfaceOrientationLandscapeRight";
				INFOPLIST_KEY_UISupportedInterfaceOrientations_iPhone = "UIInterfaceOrientationPortrait UIInterfaceOrientationLandscapeLeft UIInterfaceOrientationLandscapeRight";
				IPHONEOS_DEPLOYMENT_TARGET = 15.2;
				LD_RUNPATH_SEARCH_PATHS = (
					"$(inherited)",
					"@executable_path/Frameworks",
				);
				MARKETING_VERSION = 1.0;
				PRODUCT_BUNDLE_IDENTIFIER = "com.google.Map-WeatherProject";
				PRODUCT_NAME = "$(TARGET_NAME)";
				SWIFT_EMIT_LOC_STRINGS = YES;
				SWIFT_VERSION = 5.0;
				TARGETED_DEVICE_FAMILY = "1,2";
			};
			name = Debug;
		};
		DC732DA327C23EDB00E6A4A3 /* Release */ = {
			isa = XCBuildConfiguration;
			baseConfigurationReference = 33FE6E73660619EAD88885CF /* Pods-Map&WeatherProject.release.xcconfig */;
			buildSettings = {
				ASSETCATALOG_COMPILER_APPICON_NAME = AppIcon;
				ASSETCATALOG_COMPILER_GLOBAL_ACCENT_COLOR_NAME = AccentColor;
				CODE_SIGN_STYLE = Automatic;
				CURRENT_PROJECT_VERSION = 1;
				DEVELOPMENT_TEAM = 3H4J882387;
				GENERATE_INFOPLIST_FILE = YES;
				INFOPLIST_FILE = "Map&WeatherProject/Info.plist";
				INFOPLIST_KEY_UIApplicationSupportsIndirectInputEvents = YES;
				INFOPLIST_KEY_UILaunchStoryboardName = LaunchScreen;
				INFOPLIST_KEY_UIMainStoryboardFile = Main;
				INFOPLIST_KEY_UISupportedInterfaceOrientations_iPad = "UIInterfaceOrientationPortrait UIInterfaceOrientationPortraitUpsideDown UIInterfaceOrientationLandscapeLeft UIInterfaceOrientationLandscapeRight";
				INFOPLIST_KEY_UISupportedInterfaceOrientations_iPhone = "UIInterfaceOrientationPortrait UIInterfaceOrientationLandscapeLeft UIInterfaceOrientationLandscapeRight";
				IPHONEOS_DEPLOYMENT_TARGET = 15.2;
				LD_RUNPATH_SEARCH_PATHS = (
					"$(inherited)",
					"@executable_path/Frameworks",
				);
				MARKETING_VERSION = 1.0;
				PRODUCT_BUNDLE_IDENTIFIER = "com.google.Map-WeatherProject";
				PRODUCT_NAME = "$(TARGET_NAME)";
				SWIFT_EMIT_LOC_STRINGS = YES;
				SWIFT_VERSION = 5.0;
				TARGETED_DEVICE_FAMILY = "1,2";
			};
			name = Release;
		};
/* End XCBuildConfiguration section */

/* Begin XCConfigurationList section */
		DC732D8827C23ED900E6A4A3 /* Build configuration list for PBXProject "Map&WeatherProject" */ = {
			isa = XCConfigurationList;
			buildConfigurations = (
				DC732D9F27C23EDB00E6A4A3 /* Debug */,
				DC732DA027C23EDB00E6A4A3 /* Release */,
			);
			defaultConfigurationIsVisible = 0;
			defaultConfigurationName = Release;
		};
		DC732DA127C23EDB00E6A4A3 /* Build configuration list for PBXNativeTarget "Map&WeatherProject" */ = {
			isa = XCConfigurationList;
			buildConfigurations = (
				DC732DA227C23EDB00E6A4A3 /* Debug */,
				DC732DA327C23EDB00E6A4A3 /* Release */,
			);
			defaultConfigurationIsVisible = 0;
			defaultConfigurationName = Release;
		};
/* End XCConfigurationList section */
	};
	rootObject = DC732D8527C23ED900E6A4A3 /* Project object */;
}
